// !$*UTF8*$!
{ archiveVersion = 1; classes = {}; objectVersion = 56; objects = {
9B57BD7DCFE95CCB6C4FA54F = { "isa" = "PBXFileReference"; "path" = "HomeHubMac.app"; "sourceTree" = "BUILT_PRODUCTS_DIR"; "explicitFileType" = "wrapper.application"; "includeInIndex" = "0"; };
398189D277B771D57506BD99 = { "isa" = "PBXFileReference"; "path" = "HomeHubMacTests.xctest"; "sourceTree" = "BUILT_PRODUCTS_DIR"; "explicitFileType" = "wrapper.cfbundle"; "includeInIndex" = "0"; };
7DAD4BB28BCB4BB668D1A366 = { "isa" = "PBXFileReference"; "name" = "en"; "path" = "HomeHubMac/Resources/en.lproj/Localizable.strings"; "sourceTree" = "<group>"; "lastKnownFileType" = "text.plist.strings"; };
5B336EABF967C9CAF808988E = { "isa" = "PBXFileReference"; "name" = "hi"; "path" = "HomeHubMac/Resources/hi.lproj/Localizable.strings"; "sourceTree" = "<group>"; "lastKnownFileType" = "text.plist.strings"; };
EF4962849BA18241E198A38C = { "isa" = "PBXVariantGroup"; "name" = "Localizable.strings"; "sourceTree" = "<group>"; "children" = (7DAD4BB28BCB4BB668D1A366, 5B336EABF967C9CAF808988E); };
77319E8E572DE65368D3BC8A = { "isa" = "PBXFileReference"; "path" = "HomeHubMac/Discovery.swift"; "sourceTree" = "<group>"; "lastKnownFileType" = "sourcecode.swift"; };
AA4107C4A3844379AED63942 = { "isa" = "PBXBuildFile"; "fileRef" = 77319E8E572DE65368D3BC8A; };
2A1D3454F5B12E0D35A2D1E7 = { "isa" = "PBXFileReference"; "path" = "HomeHubMac/HomeHubMacApp.swift"; "sourceTree" = "<group>"; "lastKnownFileType" = "sourcecode.swift"; };
EDEAEDB3FF0C91BB83B20A58 = { "isa" = "PBXBuildFile"; "fileRef" = 2A1D3454F5B12E0D35A2D1E7; };
A8D6F064B80DA8D53063FAD8 = { "isa" = "PBXFileReference"; "path" = "HomeHubMac/Pairing.swift"; "sourceTree" = "<group>"; "lastKnownFileType" = "sourcecode.swift"; };
534CE7EAB2AD757F06B471CA = { "isa" = "PBXBuildFile"; "fileRef" = A8D6F064B80DA8D53063FAD8; };
8DDB2B8B941E22504F44B499 = { "isa" = "PBXFileReference"; "path" = "HomeHubMac/PopoverView.swift"; "sourceTree" = "<group>"; "lastKnownFileType" = "sourcecode.swift"; };
DAB01F5807025CF60BA6049A = { "isa" = "PBXBuildFile"; "fileRef" = 8DDB2B8B941E22504F44B499; };
DDE757C712C32789E41D4E36 = { "isa" = "PBXFileReference"; "path" = "HomeHubMac/Queue.swift"; "sourceTree" = "<group>"; "lastKnownFileType" = "sourcecode.swift"; };
7B6C0E7F58D5F4666979E073 = { "isa" = "PBXBuildFile"; "fileRef" = DDE757C712C32789E41D4E36; };
31A92DEA35565119ED2FED5E = { "isa" = "PBXFileReference"; "path" = "HomeHubMac/RelayReceiver.swift"; "sourceTree" = "<group>"; "lastKnownFileType" = "sourcecode.swift"; };
02DC6A3E61A8E0916A585166 = { "isa" = "PBXBuildFile"; "fileRef" = 31A92DEA35565119ED2FED5E; };
8B90DAC504DFB1546DA3975E = { "isa" = "PBXFileReference"; "path" = "HomeHubMac/ScreenView.swift"; "sourceTree" = "<group>"; "lastKnownFileType" = "sourcecode.swift"; };
66543B0BAF59276E6EFE5E19 = { "isa" = "PBXBuildFile"; "fileRef" = 8B90DAC504DFB1546DA3975E; };
06254886292DF6B31A2441D7 = { "isa" = "PBXFileReference"; "path" = "../apple-shared/Protocol.swift"; "sourceTree" = "<group>"; "lastKnownFileType" = "sourcecode.swift"; };
FB212BD85402B20FA3BC4AA8 = { "isa" = "PBXBuildFile"; "fileRef" = 06254886292DF6B31A2441D7; };
385F0FB9F56D67E13F6D29FC = { "isa" = "PBXFileReference"; "path" = "../apple-shared/Blake3.swift"; "sourceTree" = "<group>"; "lastKnownFileType" = "sourcecode.swift"; };
6213907C26D94357CE9A7FBF = { "isa" = "PBXBuildFile"; "fileRef" = 385F0FB9F56D67E13F6D29FC; };
42AAD5FB4D2710C32BA840FB = { "isa" = "PBXFileReference"; "path" = "../apple-shared/QueueStore.swift"; "sourceTree" = "<group>"; "lastKnownFileType" = "sourcecode.swift"; };
AE781F5495C051B5AB955280 = { "isa" = "PBXBuildFile"; "fileRef" = 42AAD5FB4D2710C32BA840FB; };
D16BCD09CF56D1E84D04470F = { "isa" = "PBXFileReference"; "path" = "../apple-shared/UploadEngine.swift"; "sourceTree" = "<group>"; "lastKnownFileType" = "sourcecode.swift"; };
550AABD41DCE73906A1D275D = { "isa" = "PBXBuildFile"; "fileRef" = D16BCD09CF56D1E84D04470F; };
E7BE9BEA9E149B16AC146C7D = { "isa" = "PBXFileReference"; "path" = "../apple-shared/Identity.swift"; "sourceTree" = "<group>"; "lastKnownFileType" = "sourcecode.swift"; };
56BF492E676F36A7DA281752 = { "isa" = "PBXBuildFile"; "fileRef" = E7BE9BEA9E149B16AC146C7D; };
A63D2965C4DB44B9749DF584 = { "isa" = "PBXFileReference"; "path" = "../apple-shared/HubClient.swift"; "sourceTree" = "<group>"; "lastKnownFileType" = "sourcecode.swift"; };
4FEEDE0F25CF7BDE52955CA7 = { "isa" = "PBXBuildFile"; "fileRef" = A63D2965C4DB44B9749DF584; };
772911551FA6CEA51FEF4AE7 = { "isa" = "PBXFileReference"; "path" = "../apple-shared/Discovery.swift"; "sourceTree" = "<group>"; "lastKnownFileType" = "sourcecode.swift"; };
98EEE2B8131210B55F8E4C5C = { "isa" = "PBXBuildFile"; "fileRef" = 772911551FA6CEA51FEF4AE7; };
EE8F4A4BD6A3684E8620D624 = { "isa" = "PBXSourcesBuildPhase"; "buildActionMask" = "2147483647"; "files" = (AA4107C4A3844379AED63942, EDEAEDB3FF0C91BB83B20A58, 534CE7EAB2AD757F06B471CA, DAB01F5807025CF60BA6049A, 7B6C0E7F58D5F4666979E073, 02DC6A3E61A8E0916A585166, 66543B0BAF59276E6EFE5E19, FB212BD85402B20FA3BC4AA8, 6213907C26D94357CE9A7FBF, AE781F5495C051B5AB955280, 550AABD41DCE73906A1D275D, 56BF492E676F36A7DA281752, 4FEEDE0F25CF7BDE52955CA7, 98EEE2B8131210B55F8E4C5C); "runOnlyForDeploymentPostprocessing" = "0"; };
36AD6F0B79432305294ADE90 = { "isa" = "PBXFrameworksBuildPhase"; "buildActionMask" = "2147483647"; "files" = (); "runOnlyForDeploymentPostprocessing" = "0"; };
B36B8A9448FFA9BCAC350D72 = { "isa" = "PBXBuildFile"; "fileRef" = EF4962849BA18241E198A38C; };
979702E2C26CF87B14E50388 = { "isa" = "PBXFileReference"; "path" = "HomeHubMac/Resources/viewer.html"; "sourceTree" = "<group>"; "lastKnownFileType" = "text.html"; };
38850D86E33F63728BC408B3 = { "isa" = "PBXBuildFile"; "fileRef" = 979702E2C26CF87B14E50388; };
191851DE2097CFC3BF21D9BA = { "isa" = "PBXResourcesBuildPhase"; "buildActionMask" = "2147483647"; "files" = (B36B8A9448FFA9BCAC350D72, 38850D86E33F63728BC408B3); "runOnlyForDeploymentPostprocessing" = "0"; };
2640C91388E74B264A8054F8 = { "isa" = "XCBuildConfiguration"; "name" = "Debug"; "buildSettings" = { "SWIFT_VERSION" = "5.0"; "PRODUCT_NAME" = "$(TARGET_NAME)"; "PRODUCT_MODULE_NAME" = "HomeHubMac"; "PRODUCT_BUNDLE_IDENTIFIER" = "com.homehub.mac"; "CODE_SIGN_STYLE" = "Automatic"; "DEVELOPMENT_TEAM" = ""; "GENERATE_INFOPLIST_FILE" = "NO"; "SDKROOT" = "macosx"; "MACOSX_DEPLOYMENT_TARGET" = "14.0"; "IPHONEOS_DEPLOYMENT_TARGET" = "17.0"; "CLANG_ENABLE_MODULES" = "YES"; "ENABLE_HARDENED_RUNTIME" = "YES"; "SWIFT_STRICT_CONCURRENCY" = "minimal"; "INFOPLIST_FILE" = "HomeHubMac/Info.plist"; "CODE_SIGN_ENTITLEMENTS" = "HomeHubMac/HomeHubMac.entitlements"; "SWIFT_OPTIMIZATION_LEVEL" = "-Onone"; "ENABLE_TESTABILITY" = "YES"; }; };
77B4B827BC6D9D3559435674 = { "isa" = "XCBuildConfiguration"; "name" = "Release"; "buildSettings" = { "SWIFT_VERSION" = "5.0"; "PRODUCT_NAME" = "$(TARGET_NAME)"; "PRODUCT_MODULE_NAME" = "HomeHubMac"; "PRODUCT_BUNDLE_IDENTIFIER" = "com.homehub.mac"; "CODE_SIGN_STYLE" = "Automatic"; "DEVELOPMENT_TEAM" = ""; "GENERATE_INFOPLIST_FILE" = "NO"; "SDKROOT" = "macosx"; "MACOSX_DEPLOYMENT_TARGET" = "14.0"; "IPHONEOS_DEPLOYMENT_TARGET" = "17.0"; "CLANG_ENABLE_MODULES" = "YES"; "ENABLE_HARDENED_RUNTIME" = "YES"; "SWIFT_STRICT_CONCURRENCY" = "minimal"; "INFOPLIST_FILE" = "HomeHubMac/Info.plist"; "CODE_SIGN_ENTITLEMENTS" = "HomeHubMac/HomeHubMac.entitlements"; "SWIFT_OPTIMIZATION_LEVEL" = "-O"; "ENABLE_TESTABILITY" = "NO"; }; };
80DA0358CC8CDC4AFA6222A6 = { "isa" = "XCConfigurationList"; "buildConfigurations" = (2640C91388E74B264A8054F8, 77B4B827BC6D9D3559435674); "defaultConfigurationIsVisible" = "0"; "defaultConfigurationName" = "Release"; };
F13135298F2C71361FE3ACAA = { "isa" = "PBXNativeTarget"; "name" = "HomeHubMac"; "productName" = "HomeHubMac"; "buildConfigurationList" = 80DA0358CC8CDC4AFA6222A6; "buildPhases" = (EE8F4A4BD6A3684E8620D624, 36AD6F0B79432305294ADE90, 191851DE2097CFC3BF21D9BA); "buildRules" = (); "dependencies" = (); "productReference" = 9B57BD7DCFE95CCB6C4FA54F; "productType" = "com.apple.product-type.application"; };
6DE59CDD0CE6D47C1F9F6561 = { "isa" = "PBXFileReference"; "path" = "../apple-shared/Tests/HomeHubTests.swift"; "sourceTree" = "<group>"; "lastKnownFileType" = "sourcecode.swift"; };
ACE5E7383A49926810BB39B9 = { "isa" = "PBXBuildFile"; "fileRef" = 6DE59CDD0CE6D47C1F9F6561; };
9488CFBADAFA7BE5495BB1EF = { "isa" = "PBXSourcesBuildPhase"; "buildActionMask" = "2147483647"; "files" = (ACE5E7383A49926810BB39B9); "runOnlyForDeploymentPostprocessing" = "0"; };
D973307F2906C43EEB2A0014 = { "isa" = "PBXFrameworksBuildPhase"; "buildActionMask" = "2147483647"; "files" = (); "runOnlyForDeploymentPostprocessing" = "0"; };
6F1C428E581AC86A0E441ADF = { "isa" = "PBXResourcesBuildPhase"; "buildActionMask" = "2147483647"; "files" = (); "runOnlyForDeploymentPostprocessing" = "0"; };
9B8F25D70A6F530CF1242F46 = { "isa" = "PBXContainerItemProxy"; "containerPortal" = 2EFDD6CD635B9C152D935087; "proxyType" = "1"; "remoteGlobalIDString" = F13135298F2C71361FE3ACAA; "remoteInfo" = "HomeHubMac"; };
2F6F03D9D63C4990D03D68F7 = { "isa" = "PBXTargetDependency"; "target" = F13135298F2C71361FE3ACAA; "targetProxy" = 9B8F25D70A6F530CF1242F46; };
0E7A3363085AB7CFDB09B334 = { "isa" = "XCBuildConfiguration"; "name" = "Debug"; "buildSettings" = { "SWIFT_VERSION" = "5.0"; "PRODUCT_NAME" = "$(TARGET_NAME)"; "PRODUCT_MODULE_NAME" = "HomeHubMacTests"; "PRODUCT_BUNDLE_IDENTIFIER" = "com.homehub.homehubmactests"; "CODE_SIGN_STYLE" = "Automatic"; "DEVELOPMENT_TEAM" = ""; "GENERATE_INFOPLIST_FILE" = "YES"; "SDKROOT" = "macosx"; "MACOSX_DEPLOYMENT_TARGET" = "14.0"; "IPHONEOS_DEPLOYMENT_TARGET" = "17.0"; "CLANG_ENABLE_MODULES" = "YES"; "ENABLE_HARDENED_RUNTIME" = "YES"; "SWIFT_STRICT_CONCURRENCY" = "minimal"; "TEST_HOST" = "$(BUILT_PRODUCTS_DIR)/HomeHubMac.app/Contents/MacOS/HomeHubMac"; "BUNDLE_LOADER" = "$(TEST_HOST)"; "SWIFT_OPTIMIZATION_LEVEL" = "-Onone"; "ENABLE_TESTABILITY" = "YES"; }; };
AD98D50D1BF4786F82D322C4 = { "isa" = "XCBuildConfiguration"; "name" = "Release"; "buildSettings" = { "SWIFT_VERSION" = "5.0"; "PRODUCT_NAME" = "$(TARGET_NAME)"; "PRODUCT_MODULE_NAME" = "HomeHubMacTests"; "PRODUCT_BUNDLE_IDENTIFIER" = "com.homehub.homehubmactests"; "CODE_SIGN_STYLE" = "Automatic"; "DEVELOPMENT_TEAM" = ""; "GENERATE_INFOPLIST_FILE" = "YES"; "SDKROOT" = "macosx"; "MACOSX_DEPLOYMENT_TARGET" = "14.0"; "IPHONEOS_DEPLOYMENT_TARGET" = "17.0"; "CLANG_ENABLE_MODULES" = "YES"; "ENABLE_HARDENED_RUNTIME" = "YES"; "SWIFT_STRICT_CONCURRENCY" = "minimal"; "TEST_HOST" = "$(BUILT_PRODUCTS_DIR)/HomeHubMac.app/Contents/MacOS/HomeHubMac"; "BUNDLE_LOADER" = "$(TEST_HOST)"; "SWIFT_OPTIMIZATION_LEVEL" = "-O"; "ENABLE_TESTABILITY" = "NO"; }; };
6DBAA8DC498CB32F6B051974 = { "isa" = "XCConfigurationList"; "buildConfigurations" = (0E7A3363085AB7CFDB09B334, AD98D50D1BF4786F82D322C4); "defaultConfigurationIsVisible" = "0"; "defaultConfigurationName" = "Release"; };
4FF2148721BDF7C0DA782605 = { "isa" = "PBXNativeTarget"; "name" = "HomeHubMacTests"; "productName" = "HomeHubMacTests"; "buildConfigurationList" = 6DBAA8DC498CB32F6B051974; "buildPhases" = (9488CFBADAFA7BE5495BB1EF, D973307F2906C43EEB2A0014, 6F1C428E581AC86A0E441ADF); "buildRules" = (); "dependencies" = (2F6F03D9D63C4990D03D68F7); "productReference" = 398189D277B771D57506BD99; "productType" = "com.apple.product-type.bundle.unit-test"; };
5D196910F611A9A9C1BAC0CB = { "isa" = "PBXGroup"; "name" = "Products"; "sourceTree" = "<group>"; "children" = (9B57BD7DCFE95CCB6C4FA54F, 398189D277B771D57506BD99); };
6107A1DF1049622E8C523418 = { "isa" = "PBXGroup"; "sourceTree" = "<group>"; "children" = (77319E8E572DE65368D3BC8A, 2A1D3454F5B12E0D35A2D1E7, A8D6F064B80DA8D53063FAD8, 8DDB2B8B941E22504F44B499, DDE757C712C32789E41D4E36, 31A92DEA35565119ED2FED5E, 8B90DAC504DFB1546DA3975E, 06254886292DF6B31A2441D7, 385F0FB9F56D67E13F6D29FC, 42AAD5FB4D2710C32BA840FB, D16BCD09CF56D1E84D04470F, E7BE9BEA9E149B16AC146C7D, A63D2965C4DB44B9749DF584, 772911551FA6CEA51FEF4AE7, 979702E2C26CF87B14E50388, 6DE59CDD0CE6D47C1F9F6561, EF4962849BA18241E198A38C, 5D196910F611A9A9C1BAC0CB); };
E3D25B1A1136E3EF92909C04 = { "isa" = "XCBuildConfiguration"; "name" = "Debug"; "buildSettings" = { "ALWAYS_SEARCH_USER_PATHS" = "NO"; "CLANG_ENABLE_MODULES" = "YES"; "DEBUG_INFORMATION_FORMAT" = "dwarf"; }; };
142735C68A6A198465391427 = { "isa" = "XCBuildConfiguration"; "name" = "Release"; "buildSettings" = { "ALWAYS_SEARCH_USER_PATHS" = "NO"; "CLANG_ENABLE_MODULES" = "YES"; "DEBUG_INFORMATION_FORMAT" = "dwarf-with-dsym"; }; };
B028F0B81504EBE7733D2576 = { "isa" = "XCConfigurationList"; "buildConfigurations" = (E3D25B1A1136E3EF92909C04, 142735C68A6A198465391427); "defaultConfigurationIsVisible" = "0"; "defaultConfigurationName" = "Release"; };
2EFDD6CD635B9C152D935087 = { "isa" = "PBXProject"; "attributes" = { "BuildIndependentTargetsInParallel" = "YES"; "LastUpgradeCheck" = "1600"; }; "buildConfigurationList" = B028F0B81504EBE7733D2576; "compatibilityVersion" = "Xcode 14.0"; "developmentRegion" = "en"; "knownRegions" = ("en", "hi", "Base"); "mainGroup" = 6107A1DF1049622E8C523418; "productRefGroup" = 5D196910F611A9A9C1BAC0CB; "projectDirPath" = ""; "projectRoot" = ""; "targets" = (F13135298F2C71361FE3ACAA, 4FF2148721BDF7C0DA782605); };
}; rootObject = 2EFDD6CD635B9C152D935087; }
