// !$*UTF8*$!
{ archiveVersion = 1; classes = {}; objectVersion = 56; objects = {
5019A6D924C5F100ABB0FDB5 = { "isa" = "PBXFileReference"; "path" = "HomeHub.app"; "sourceTree" = "BUILT_PRODUCTS_DIR"; "explicitFileType" = "wrapper.application"; "includeInIndex" = "0"; };
448436648F5AF9E01D61242C = { "isa" = "PBXFileReference"; "path" = "HomeHubShare.appex"; "sourceTree" = "BUILT_PRODUCTS_DIR"; "explicitFileType" = "wrapper.app-extension"; "includeInIndex" = "0"; };
A59F19124C785DFD7D20D8B4 = { "isa" = "PBXFileReference"; "path" = "HomeHubTests.xctest"; "sourceTree" = "BUILT_PRODUCTS_DIR"; "explicitFileType" = "wrapper.cfbundle"; "includeInIndex" = "0"; };
B77666CDA49E3C195525190E = { "isa" = "PBXFileReference"; "name" = "en"; "path" = "HomeHub/Resources/en.lproj/Localizable.strings"; "sourceTree" = "<group>"; "lastKnownFileType" = "text.plist.strings"; };
DE030E5398E2921435887C80 = { "isa" = "PBXFileReference"; "name" = "hi"; "path" = "HomeHub/Resources/hi.lproj/Localizable.strings"; "sourceTree" = "<group>"; "lastKnownFileType" = "text.plist.strings"; };
576D4357422F59A2495E3961 = { "isa" = "PBXVariantGroup"; "name" = "Localizable.strings"; "sourceTree" = "<group>"; "children" = (B77666CDA49E3C195525190E, DE030E5398E2921435887C80); };
14677E8EF798DB98B9D28467 = { "isa" = "PBXFileReference"; "name" = "en"; "path" = "HomeHubShare/Resources/en.lproj/Localizable.strings"; "sourceTree" = "<group>"; "lastKnownFileType" = "text.plist.strings"; };
64EBB8B966C795F370B7108E = { "isa" = "PBXFileReference"; "name" = "hi"; "path" = "HomeHubShare/Resources/hi.lproj/Localizable.strings"; "sourceTree" = "<group>"; "lastKnownFileType" = "text.plist.strings"; };
ED4A2F693C6DEFCF48897725 = { "isa" = "PBXVariantGroup"; "name" = "Localizable.strings"; "sourceTree" = "<group>"; "children" = (14677E8EF798DB98B9D28467, 64EBB8B966C795F370B7108E); };
5967B043B9B62AD0FB7CD722 = { "isa" = "PBXFileReference"; "path" = "HomeHub/ContentView.swift"; "sourceTree" = "<group>"; "lastKnownFileType" = "sourcecode.swift"; };
D3A3BB1292FECCC821240781 = { "isa" = "PBXBuildFile"; "fileRef" = 5967B043B9B62AD0FB7CD722; };
63EB0A4A3CF4C321065017E9 = { "isa" = "PBXFileReference"; "path" = "HomeHub/HomeHubApp.swift"; "sourceTree" = "<group>"; "lastKnownFileType" = "sourcecode.swift"; };
56FB6DDBBB03970C8CC77D99 = { "isa" = "PBXBuildFile"; "fileRef" = 63EB0A4A3CF4C321065017E9; };
8B25D6D92F33C46279A53471 = { "isa" = "PBXFileReference"; "path" = "HomeHub/Pairing.swift"; "sourceTree" = "<group>"; "lastKnownFileType" = "sourcecode.swift"; };
A5A504780F87A6142530AFF5 = { "isa" = "PBXBuildFile"; "fileRef" = 8B25D6D92F33C46279A53471; };
BD24635E7F56ACEC5422DFA2 = { "isa" = "PBXFileReference"; "path" = "HomeHub/PhotoBackup.swift"; "sourceTree" = "<group>"; "lastKnownFileType" = "sourcecode.swift"; };
7E171ECEB522A0A017FCC5DD = { "isa" = "PBXBuildFile"; "fileRef" = BD24635E7F56ACEC5422DFA2; };
6FB5B55EEE41A374085C2415 = { "isa" = "PBXFileReference"; "path" = "HomeHub/QRScannerView.swift"; "sourceTree" = "<group>"; "lastKnownFileType" = "sourcecode.swift"; };
E61E05E125E912324F4B38BC = { "isa" = "PBXBuildFile"; "fileRef" = 6FB5B55EEE41A374085C2415; };
EE53A823B08726736520A60A = { "isa" = "PBXFileReference"; "path" = "HomeHub/UploadQueue.swift"; "sourceTree" = "<group>"; "lastKnownFileType" = "sourcecode.swift"; };
18941205A499389FCA27817C = { "isa" = "PBXBuildFile"; "fileRef" = EE53A823B08726736520A60A; };
197817A13B5CC5C60B03A4EA = { "isa" = "PBXFileReference"; "path" = "../apple-shared/Protocol.swift"; "sourceTree" = "<group>"; "lastKnownFileType" = "sourcecode.swift"; };
AEA49654214D97E5FB3AD287 = { "isa" = "PBXBuildFile"; "fileRef" = 197817A13B5CC5C60B03A4EA; };
AA8D1A6DB29C2E64AB2629F0 = { "isa" = "PBXFileReference"; "path" = "../apple-shared/Blake3.swift"; "sourceTree" = "<group>"; "lastKnownFileType" = "sourcecode.swift"; };
C98DD55408B06808BA133A29 = { "isa" = "PBXBuildFile"; "fileRef" = AA8D1A6DB29C2E64AB2629F0; };
8ABACDE8A08599C209F12AEA = { "isa" = "PBXFileReference"; "path" = "../apple-shared/QueueStore.swift"; "sourceTree" = "<group>"; "lastKnownFileType" = "sourcecode.swift"; };
DA2704F54F5AF0B6F3797F08 = { "isa" = "PBXBuildFile"; "fileRef" = 8ABACDE8A08599C209F12AEA; };
B6CB76DCC624129947085F88 = { "isa" = "PBXFileReference"; "path" = "../apple-shared/UploadEngine.swift"; "sourceTree" = "<group>"; "lastKnownFileType" = "sourcecode.swift"; };
9131B1DC527C75EE309C497C = { "isa" = "PBXBuildFile"; "fileRef" = B6CB76DCC624129947085F88; };
D95CF5AA6324151D352568D7 = { "isa" = "PBXFileReference"; "path" = "../apple-shared/Identity.swift"; "sourceTree" = "<group>"; "lastKnownFileType" = "sourcecode.swift"; };
84899E6696C05270D66A59B7 = { "isa" = "PBXBuildFile"; "fileRef" = D95CF5AA6324151D352568D7; };
7842095DE5E1AF5E8FF019AF = { "isa" = "PBXFileReference"; "path" = "../apple-shared/HubClient.swift"; "sourceTree" = "<group>"; "lastKnownFileType" = "sourcecode.swift"; };
84D0B3F4CFB1E303D31E5C5B = { "isa" = "PBXBuildFile"; "fileRef" = 7842095DE5E1AF5E8FF019AF; };
6F54932EDC522F069B5F417E = { "isa" = "PBXFileReference"; "path" = "../apple-shared/Discovery.swift"; "sourceTree" = "<group>"; "lastKnownFileType" = "sourcecode.swift"; };
F26DBF8A6748841FD060F83A = { "isa" = "PBXBuildFile"; "fileRef" = 6F54932EDC522F069B5F417E; };
C626DA1BC6AAE096BA93AF05 = { "isa" = "PBXSourcesBuildPhase"; "buildActionMask" = "2147483647"; "files" = (D3A3BB1292FECCC821240781, 56FB6DDBBB03970C8CC77D99, A5A504780F87A6142530AFF5, 7E171ECEB522A0A017FCC5DD, E61E05E125E912324F4B38BC, 18941205A499389FCA27817C, AEA49654214D97E5FB3AD287, C98DD55408B06808BA133A29, DA2704F54F5AF0B6F3797F08, 9131B1DC527C75EE309C497C, 84899E6696C05270D66A59B7, 84D0B3F4CFB1E303D31E5C5B, F26DBF8A6748841FD060F83A); "runOnlyForDeploymentPostprocessing" = "0"; };
13313A89D7E6AE2CE61B7512 = { "isa" = "PBXFrameworksBuildPhase"; "buildActionMask" = "2147483647"; "files" = (); "runOnlyForDeploymentPostprocessing" = "0"; };
1A27A1067C41B9CB03CBD43A = { "isa" = "PBXBuildFile"; "fileRef" = 576D4357422F59A2495E3961; };
4548091F9E43C57A6266C9D8 = { "isa" = "PBXResourcesBuildPhase"; "buildActionMask" = "2147483647"; "files" = (1A27A1067C41B9CB03CBD43A); "runOnlyForDeploymentPostprocessing" = "0"; };
CABBE8EDF3C2E60FE39FDED3 = { "isa" = "PBXContainerItemProxy"; "containerPortal" = 3241799AE6B0AFB6E5CC1D4F; "proxyType" = "1"; "remoteGlobalIDString" = 594874C63EFF0571013754B1; "remoteInfo" = "HomeHubShare"; };
55B9435BCF9F6F0A4CDC4B97 = { "isa" = "PBXTargetDependency"; "target" = 594874C63EFF0571013754B1; "targetProxy" = CABBE8EDF3C2E60FE39FDED3; };
145F5C17D70F22296108E62D = { "isa" = "PBXBuildFile"; "fileRef" = 448436648F5AF9E01D61242C; "settings" = { "ATTRIBUTES" = ("RemoveHeadersOnCopy"); }; };
C3F1F8F225ACBC0AE55F0447 = { "isa" = "PBXCopyFilesBuildPhase"; "buildActionMask" = "2147483647"; "dstPath" = ""; "dstSubfolderSpec" = "13"; "files" = (145F5C17D70F22296108E62D); "name" = "Embed App Extensions"; "runOnlyForDeploymentPostprocessing" = "0"; };
7CDD124135A591C66706E9FE = { "isa" = "XCBuildConfiguration"; "name" = "Debug"; "buildSettings" = { "SWIFT_VERSION" = "5.0"; "PRODUCT_NAME" = "$(TARGET_NAME)"; "PRODUCT_MODULE_NAME" = "HomeHub"; "PRODUCT_BUNDLE_IDENTIFIER" = "com.homehub.ios"; "CODE_SIGN_STYLE" = "Automatic"; "DEVELOPMENT_TEAM" = ""; "GENERATE_INFOPLIST_FILE" = "NO"; "SDKROOT" = "iphoneos"; "MACOSX_DEPLOYMENT_TARGET" = "14.0"; "IPHONEOS_DEPLOYMENT_TARGET" = "17.0"; "CLANG_ENABLE_MODULES" = "YES"; "ENABLE_HARDENED_RUNTIME" = "YES"; "SWIFT_STRICT_CONCURRENCY" = "minimal"; "TARGETED_DEVICE_FAMILY" = "1,2"; "SUPPORTS_MACCATALYST" = "NO"; "INFOPLIST_FILE" = "HomeHub/Info.plist"; "CODE_SIGN_ENTITLEMENTS" = "HomeHub/HomeHub.entitlements"; "SWIFT_OPTIMIZATION_LEVEL" = "-Onone"; "ENABLE_TESTABILITY" = "YES"; }; };
1B9E0DDBCF8931696235EC04 = { "isa" = "XCBuildConfiguration"; "name" = "Release"; "buildSettings" = { "SWIFT_VERSION" = "5.0"; "PRODUCT_NAME" = "$(TARGET_NAME)"; "PRODUCT_MODULE_NAME" = "HomeHub"; "PRODUCT_BUNDLE_IDENTIFIER" = "com.homehub.ios"; "CODE_SIGN_STYLE" = "Automatic"; "DEVELOPMENT_TEAM" = ""; "GENERATE_INFOPLIST_FILE" = "NO"; "SDKROOT" = "iphoneos"; "MACOSX_DEPLOYMENT_TARGET" = "14.0"; "IPHONEOS_DEPLOYMENT_TARGET" = "17.0"; "CLANG_ENABLE_MODULES" = "YES"; "ENABLE_HARDENED_RUNTIME" = "YES"; "SWIFT_STRICT_CONCURRENCY" = "minimal"; "TARGETED_DEVICE_FAMILY" = "1,2"; "SUPPORTS_MACCATALYST" = "NO"; "INFOPLIST_FILE" = "HomeHub/Info.plist"; "CODE_SIGN_ENTITLEMENTS" = "HomeHub/HomeHub.entitlements"; "SWIFT_OPTIMIZATION_LEVEL" = "-O"; "ENABLE_TESTABILITY" = "NO"; }; };
FA255C61B75313EC5FA0A17F = { "isa" = "XCConfigurationList"; "buildConfigurations" = (7CDD124135A591C66706E9FE, 1B9E0DDBCF8931696235EC04); "defaultConfigurationIsVisible" = "0"; "defaultConfigurationName" = "Release"; };
D438A106DF851BFA825F799C = { "isa" = "PBXNativeTarget"; "name" = "HomeHub"; "productName" = "HomeHub"; "buildConfigurationList" = FA255C61B75313EC5FA0A17F; "buildPhases" = (C626DA1BC6AAE096BA93AF05, 13313A89D7E6AE2CE61B7512, 4548091F9E43C57A6266C9D8, C3F1F8F225ACBC0AE55F0447); "buildRules" = (); "dependencies" = (55B9435BCF9F6F0A4CDC4B97); "productReference" = 5019A6D924C5F100ABB0FDB5; "productType" = "com.apple.product-type.application"; };
F696F138C89A7F0F32FB05D0 = { "isa" = "PBXFileReference"; "path" = "HomeHubShare/ShareViewController.swift"; "sourceTree" = "<group>"; "lastKnownFileType" = "sourcecode.swift"; };
A2421970A83FE26DE3E5ECCE = { "isa" = "PBXBuildFile"; "fileRef" = F696F138C89A7F0F32FB05D0; };
6BD2F8CD318EFB3151757212 = { "isa" = "PBXBuildFile"; "fileRef" = 197817A13B5CC5C60B03A4EA; };
4D18D36E29279A086E553EBC = { "isa" = "PBXBuildFile"; "fileRef" = AA8D1A6DB29C2E64AB2629F0; };
EAB01B13F0FC05EFF0BDF989 = { "isa" = "PBXBuildFile"; "fileRef" = 8ABACDE8A08599C209F12AEA; };
DADC743A08D59293560A8E64 = { "isa" = "PBXSourcesBuildPhase"; "buildActionMask" = "2147483647"; "files" = (A2421970A83FE26DE3E5ECCE, 6BD2F8CD318EFB3151757212, 4D18D36E29279A086E553EBC, EAB01B13F0FC05EFF0BDF989); "runOnlyForDeploymentPostprocessing" = "0"; };
FA09125818987CA0B03A67A8 = { "isa" = "PBXFrameworksBuildPhase"; "buildActionMask" = "2147483647"; "files" = (); "runOnlyForDeploymentPostprocessing" = "0"; };
4ECD6CC6BEF377ADEF33AF8B = { "isa" = "PBXBuildFile"; "fileRef" = ED4A2F693C6DEFCF48897725; };
8C05A075322B8EB2AE638F74 = { "isa" = "PBXResourcesBuildPhase"; "buildActionMask" = "2147483647"; "files" = (4ECD6CC6BEF377ADEF33AF8B); "runOnlyForDeploymentPostprocessing" = "0"; };
C216460FCE1CBD2CEA393FB6 = { "isa" = "XCBuildConfiguration"; "name" = "Debug"; "buildSettings" = { "SWIFT_VERSION" = "5.0"; "PRODUCT_NAME" = "$(TARGET_NAME)"; "PRODUCT_MODULE_NAME" = "HomeHubShare"; "PRODUCT_BUNDLE_IDENTIFIER" = "com.homehub.ios.share"; "CODE_SIGN_STYLE" = "Automatic"; "DEVELOPMENT_TEAM" = ""; "GENERATE_INFOPLIST_FILE" = "NO"; "SDKROOT" = "iphoneos"; "MACOSX_DEPLOYMENT_TARGET" = "14.0"; "IPHONEOS_DEPLOYMENT_TARGET" = "17.0"; "CLANG_ENABLE_MODULES" = "YES"; "ENABLE_HARDENED_RUNTIME" = "YES"; "SWIFT_STRICT_CONCURRENCY" = "minimal"; "TARGETED_DEVICE_FAMILY" = "1,2"; "SUPPORTS_MACCATALYST" = "NO"; "INFOPLIST_FILE" = "HomeHubShare/Info.plist"; "CODE_SIGN_ENTITLEMENTS" = "HomeHubShare/HomeHubShare.entitlements"; "APPLICATION_EXTENSION_API_ONLY" = "YES"; "SKIP_INSTALL" = "YES"; "SWIFT_OPTIMIZATION_LEVEL" = "-Onone"; "ENABLE_TESTABILITY" = "YES"; }; };
B0AF797114D14C0360D982F3 = { "isa" = "XCBuildConfiguration"; "name" = "Release"; "buildSettings" = { "SWIFT_VERSION" = "5.0"; "PRODUCT_NAME" = "$(TARGET_NAME)"; "PRODUCT_MODULE_NAME" = "HomeHubShare"; "PRODUCT_BUNDLE_IDENTIFIER" = "com.homehub.ios.share"; "CODE_SIGN_STYLE" = "Automatic"; "DEVELOPMENT_TEAM" = ""; "GENERATE_INFOPLIST_FILE" = "NO"; "SDKROOT" = "iphoneos"; "MACOSX_DEPLOYMENT_TARGET" = "14.0"; "IPHONEOS_DEPLOYMENT_TARGET" = "17.0"; "CLANG_ENABLE_MODULES" = "YES"; "ENABLE_HARDENED_RUNTIME" = "YES"; "SWIFT_STRICT_CONCURRENCY" = "minimal"; "TARGETED_DEVICE_FAMILY" = "1,2"; "SUPPORTS_MACCATALYST" = "NO"; "INFOPLIST_FILE" = "HomeHubShare/Info.plist"; "CODE_SIGN_ENTITLEMENTS" = "HomeHubShare/HomeHubShare.entitlements"; "APPLICATION_EXTENSION_API_ONLY" = "YES"; "SKIP_INSTALL" = "YES"; "SWIFT_OPTIMIZATION_LEVEL" = "-O"; "ENABLE_TESTABILITY" = "NO"; }; };
441FB6622E26ECCCA3043926 = { "isa" = "XCConfigurationList"; "buildConfigurations" = (C216460FCE1CBD2CEA393FB6, B0AF797114D14C0360D982F3); "defaultConfigurationIsVisible" = "0"; "defaultConfigurationName" = "Release"; };
594874C63EFF0571013754B1 = { "isa" = "PBXNativeTarget"; "name" = "HomeHubShare"; "productName" = "HomeHubShare"; "buildConfigurationList" = 441FB6622E26ECCCA3043926; "buildPhases" = (DADC743A08D59293560A8E64, FA09125818987CA0B03A67A8, 8C05A075322B8EB2AE638F74); "buildRules" = (); "dependencies" = (); "productReference" = 448436648F5AF9E01D61242C; "productType" = "com.apple.product-type.app-extension"; };
8C03337BF5C710F97627D8E0 = { "isa" = "PBXFileReference"; "path" = "../apple-shared/Tests/HomeHubTests.swift"; "sourceTree" = "<group>"; "lastKnownFileType" = "sourcecode.swift"; };
B81EE085C282C62397A235E3 = { "isa" = "PBXBuildFile"; "fileRef" = 8C03337BF5C710F97627D8E0; };
07AFDF03FF59AD0A42591557 = { "isa" = "PBXSourcesBuildPhase"; "buildActionMask" = "2147483647"; "files" = (B81EE085C282C62397A235E3); "runOnlyForDeploymentPostprocessing" = "0"; };
7BE81C560C7EB7F8EBFA4C72 = { "isa" = "PBXFrameworksBuildPhase"; "buildActionMask" = "2147483647"; "files" = (); "runOnlyForDeploymentPostprocessing" = "0"; };
48A7E1FE8CB31240AF738F49 = { "isa" = "PBXResourcesBuildPhase"; "buildActionMask" = "2147483647"; "files" = (); "runOnlyForDeploymentPostprocessing" = "0"; };
745165B2BB3BA8067ADDBA6F = { "isa" = "PBXContainerItemProxy"; "containerPortal" = 3241799AE6B0AFB6E5CC1D4F; "proxyType" = "1"; "remoteGlobalIDString" = D438A106DF851BFA825F799C; "remoteInfo" = "HomeHub"; };
E4AA66AD388D3E2D39ABF070 = { "isa" = "PBXTargetDependency"; "target" = D438A106DF851BFA825F799C; "targetProxy" = 745165B2BB3BA8067ADDBA6F; };
BC71350A3D9B1249402E976C = { "isa" = "XCBuildConfiguration"; "name" = "Debug"; "buildSettings" = { "SWIFT_VERSION" = "5.0"; "PRODUCT_NAME" = "$(TARGET_NAME)"; "PRODUCT_MODULE_NAME" = "HomeHubTests"; "PRODUCT_BUNDLE_IDENTIFIER" = "com.homehub.homehubtests"; "CODE_SIGN_STYLE" = "Automatic"; "DEVELOPMENT_TEAM" = ""; "GENERATE_INFOPLIST_FILE" = "YES"; "SDKROOT" = "iphoneos"; "MACOSX_DEPLOYMENT_TARGET" = "14.0"; "IPHONEOS_DEPLOYMENT_TARGET" = "17.0"; "CLANG_ENABLE_MODULES" = "YES"; "ENABLE_HARDENED_RUNTIME" = "YES"; "SWIFT_STRICT_CONCURRENCY" = "minimal"; "TARGETED_DEVICE_FAMILY" = "1,2"; "SUPPORTS_MACCATALYST" = "NO"; "TEST_HOST" = "$(BUILT_PRODUCTS_DIR)/HomeHub.app/HomeHub"; "BUNDLE_LOADER" = "$(TEST_HOST)"; "SWIFT_OPTIMIZATION_LEVEL" = "-Onone"; "ENABLE_TESTABILITY" = "YES"; }; };
E4F55A6C26D27CF4500A1CC1 = { "isa" = "XCBuildConfiguration"; "name" = "Release"; "buildSettings" = { "SWIFT_VERSION" = "5.0"; "PRODUCT_NAME" = "$(TARGET_NAME)"; "PRODUCT_MODULE_NAME" = "HomeHubTests"; "PRODUCT_BUNDLE_IDENTIFIER" = "com.homehub.homehubtests"; "CODE_SIGN_STYLE" = "Automatic"; "DEVELOPMENT_TEAM" = ""; "GENERATE_INFOPLIST_FILE" = "YES"; "SDKROOT" = "iphoneos"; "MACOSX_DEPLOYMENT_TARGET" = "14.0"; "IPHONEOS_DEPLOYMENT_TARGET" = "17.0"; "CLANG_ENABLE_MODULES" = "YES"; "ENABLE_HARDENED_RUNTIME" = "YES"; "SWIFT_STRICT_CONCURRENCY" = "minimal"; "TARGETED_DEVICE_FAMILY" = "1,2"; "SUPPORTS_MACCATALYST" = "NO"; "TEST_HOST" = "$(BUILT_PRODUCTS_DIR)/HomeHub.app/HomeHub"; "BUNDLE_LOADER" = "$(TEST_HOST)"; "SWIFT_OPTIMIZATION_LEVEL" = "-O"; "ENABLE_TESTABILITY" = "NO"; }; };
240C2C6AF4F00B7FE9744A08 = { "isa" = "XCConfigurationList"; "buildConfigurations" = (BC71350A3D9B1249402E976C, E4F55A6C26D27CF4500A1CC1); "defaultConfigurationIsVisible" = "0"; "defaultConfigurationName" = "Release"; };
C3CC4340A277622945F20ECF = { "isa" = "PBXNativeTarget"; "name" = "HomeHubTests"; "productName" = "HomeHubTests"; "buildConfigurationList" = 240C2C6AF4F00B7FE9744A08; "buildPhases" = (07AFDF03FF59AD0A42591557, 7BE81C560C7EB7F8EBFA4C72, 48A7E1FE8CB31240AF738F49); "buildRules" = (); "dependencies" = (E4AA66AD388D3E2D39ABF070); "productReference" = A59F19124C785DFD7D20D8B4; "productType" = "com.apple.product-type.bundle.unit-test"; };
9D4AB3E4C6952CE15A48A1D4 = { "isa" = "PBXGroup"; "name" = "Products"; "sourceTree" = "<group>"; "children" = (5019A6D924C5F100ABB0FDB5, 448436648F5AF9E01D61242C, A59F19124C785DFD7D20D8B4); };
E328D430FC71F45DB86983AB = { "isa" = "PBXGroup"; "sourceTree" = "<group>"; "children" = (5967B043B9B62AD0FB7CD722, 63EB0A4A3CF4C321065017E9, 8B25D6D92F33C46279A53471, BD24635E7F56ACEC5422DFA2, 6FB5B55EEE41A374085C2415, EE53A823B08726736520A60A, 197817A13B5CC5C60B03A4EA, AA8D1A6DB29C2E64AB2629F0, 8ABACDE8A08599C209F12AEA, B6CB76DCC624129947085F88, D95CF5AA6324151D352568D7, 7842095DE5E1AF5E8FF019AF, 6F54932EDC522F069B5F417E, F696F138C89A7F0F32FB05D0, 8C03337BF5C710F97627D8E0, 576D4357422F59A2495E3961, ED4A2F693C6DEFCF48897725, 9D4AB3E4C6952CE15A48A1D4); };
8E448E2BC5F90A5B8754138C = { "isa" = "XCBuildConfiguration"; "name" = "Debug"; "buildSettings" = { "ALWAYS_SEARCH_USER_PATHS" = "NO"; "CLANG_ENABLE_MODULES" = "YES"; "DEBUG_INFORMATION_FORMAT" = "dwarf"; }; };
7A33EED850FC818A8CEA5EF8 = { "isa" = "XCBuildConfiguration"; "name" = "Release"; "buildSettings" = { "ALWAYS_SEARCH_USER_PATHS" = "NO"; "CLANG_ENABLE_MODULES" = "YES"; "DEBUG_INFORMATION_FORMAT" = "dwarf-with-dsym"; }; };
8C70570B646A80B68CFC8FAE = { "isa" = "XCConfigurationList"; "buildConfigurations" = (8E448E2BC5F90A5B8754138C, 7A33EED850FC818A8CEA5EF8); "defaultConfigurationIsVisible" = "0"; "defaultConfigurationName" = "Release"; };
3241799AE6B0AFB6E5CC1D4F = { "isa" = "PBXProject"; "attributes" = { "BuildIndependentTargetsInParallel" = "YES"; "LastUpgradeCheck" = "1600"; }; "buildConfigurationList" = 8C70570B646A80B68CFC8FAE; "compatibilityVersion" = "Xcode 14.0"; "developmentRegion" = "en"; "knownRegions" = ("en", "hi", "Base"); "mainGroup" = E328D430FC71F45DB86983AB; "productRefGroup" = 9D4AB3E4C6952CE15A48A1D4; "projectDirPath" = ""; "projectRoot" = ""; "targets" = (D438A106DF851BFA825F799C, 594874C63EFF0571013754B1, C3CC4340A277622945F20ECF); };
}; rootObject = 3241799AE6B0AFB6E5CC1D4F; }
